
Microsoft Visual Studio Solution File, Format Version 12.00
# Visual Studio 15
Project("{FAE04EC0-301F-11D3-BF4B-00C04F79EFBC}") = "Assembly-CSharp", "Assembly-CSharp.csproj", "{966151DE-6A65-D3DD-AC73-D28A96E0D3B3}"
EndProject
Project("{FAE04EC0-301F-11D3-BF4B-00C04F79EFBC}") = "Assembly-CSharp-Editor", "Assembly-CSharp-Editor.csproj", "{AFC4E020-64F8-2D11-114C-041A893E0D12}"
EndProject
Global
	GlobalSection(SolutionConfigurationPlatforms) = preSolution
		Debug|Any CPU = Debug|Any CPU
		Release|Any CPU = Release|Any CPU
	EndGlobalSection
	GlobalSection(ProjectConfigurationPlatforms) = postSolution
		{966151DE-6A65-D3DD-AC73-D28A96E0D3B3}.Debug|Any CPU.ActiveCfg = Debug|Any CPU
		{966151DE-6A65-D3DD-AC73-D28A96E0D3B3}.Debug|Any CPU.Build.0 = Debug|Any CPU
		{966151DE-6A65-D3DD-AC73-D28A96E0D3B3}.Release|Any CPU.ActiveCfg = Release|Any CPU
		{966151DE-6A65-D3DD-AC73-D28A96E0D3B3}.Release|Any CPU.Build.0 = Release|Any CPU
		{AFC4E020-64F8-2D11-114C-041A893E0D12}.Debug|Any CPU.ActiveCfg = Debug|Any CPU
		{AFC4E020-64F8-2D11-114C-041A893E0D12}.Debug|Any CPU.Build.0 = Debug|Any CPU
		{AFC4E020-64F8-2D11-114C-041A893E0D12}.Release|Any CPU.ActiveCfg = Release|Any CPU
		{AFC4E020-64F8-2D11-114C-041A893E0D12}.Release|Any CPU.Build.0 = Release|Any CPU
	EndGlobalSection
	GlobalSection(SolutionProperties) = preSolution
		HideSolutionNode = FALSE
	EndGlobalSection
EndGlobal
